
Microsoft Visual Studio Solution File, Format Version 12.00
# Visual Studio 15
VisualStudioVersion = 15.0.28307.645
MinimumVisualStudioVersion = 10.0.40219.1
Project("{FAE04EC0-301F-11D3-BF4B-00C04F79EFBC}") = "ListsDemo", "ListsDemo\ListsDemo.csproj", "{D85B5D16-7313-48F2-9C5C-ACB04FD9AB01}"
EndProject
Project("{FAE04EC0-301F-11D3-BF4B-00C04F79EFBC}") = "DelegatesDemo", "DelegatesDemo\DelegatesDemo.csproj", "{A8AEDDED-56A4-48AA-B28A-05A67DC1D59A}"
EndProject
Global
	GlobalSection(SolutionConfigurationPlatforms) = preSolution
		Debug|Any CPU = Debug|Any CPU
		Release|Any CPU = Release|Any CPU
	EndGlobalSection
	GlobalSection(ProjectConfigurationPlatforms) = postSolution
		{D85B5D16-7313-48F2-9C5C-ACB04FD9AB01}.Debug|Any CPU.ActiveCfg = Debug|Any CPU
		{D85B5D16-7313-48F2-9C5C-ACB04FD9AB01}.Debug|Any CPU.Build.0 = Debug|Any CPU
		{D85B5D16-7313-48F2-9C5C-ACB04FD9AB01}.Release|Any CPU.ActiveCfg = Release|Any CPU
		{D85B5D16-7313-48F2-9C5C-ACB04FD9AB01}.Release|Any CPU.Build.0 = Release|Any CPU
		{A8AEDDED-56A4-48AA-B28A-05A67DC1D59A}.Debug|Any CPU.ActiveCfg = Debug|Any CPU
		{A8AEDDED-56A4-48AA-B28A-05A67DC1D59A}.Debug|Any CPU.Build.0 = Debug|Any CPU
		{A8AEDDED-56A4-48AA-B28A-05A67DC1D59A}.Release|Any CPU.ActiveCfg = Release|Any CPU
		{A8AEDDED-56A4-48AA-B28A-05A67DC1D59A}.Release|Any CPU.Build.0 = Release|Any CPU
	EndGlobalSection
	GlobalSection(SolutionProperties) = preSolution
		HideSolutionNode = FALSE
	EndGlobalSection
	GlobalSection(ExtensibilityGlobals) = postSolution
		SolutionGuid = {C227DDD7-3607-49D5-9C8A-DEBA2EF9921C}
	EndGlobalSection
EndGlobal
